// !$*UTF8*$!
{
	archiveVersion = 1;
	classes = {
	};
	objectVersion = 56;
	objects = {

/* Begin PBXBuildFile section */
		D6C263202CAA6F8A009A188C /* AppDelegate.swift in Sources */ = {isa = PBXBuildFile; fileRef = D6C2631F2CAA6F8A009A188C /* AppDelegate.swift */; };
		D6C263222CAA6F8A009A188C /* SceneDelegate.swift in Sources */ = {isa = PBXBuildFile; fileRef = D6C263212CAA6F8A009A188C /* SceneDelegate.swift */; };
		D6C263242CAA6F8A009A188C /* ViewController.swift in Sources */ = {isa = PBXBuildFile; fileRef = D6C263232CAA6F8A009A188C /* ViewController.swift */; };
		D6C263272CAA6F8A009A188C /* Base in Resources */ = {isa = PBXBuildFile; fileRef = D6C263262CAA6F8A009A188C /* Base */; };
		D6C263292CAA6F8B009A188C /* Assets.xcassets in Resources */ = {isa = PBXBuildFile; fileRef = D6C263282CAA6F8B009A188C /* Assets.xcassets */; };
		D6C2632C2CAA6F8B009A188C /* Base in Resources */ = {isa = PBXBuildFile; fileRef = D6C2632B2CAA6F8B009A188C /* Base */; };
		D6C263372CAA6F8B009A188C /* RPSTests.swift in Sources */ = {isa = PBXBuildFile; fileRef = D6C263362CAA6F8B009A188C /* RPSTests.swift */; };
		D6C263412CAA6F8B009A188C /* RPSUITests.swift in Sources */ = {isa = PBXBuildFile; fileRef = D6C263402CAA6F8B009A188C /* RPSUITests.swift */; };
		D6C263432CAA6F8B009A188C /* RPSUITestsLaunchTests.swift in Sources */ = {isa = PBXBuildFile; fileRef = D6C263422CAA6F8B009A188C /* RPSUITestsLaunchTests.swift */; };
/* End PBXBuildFile section */

/* Begin PBXContainerItemProxy section */
		D6C263332CAA6F8B009A188C /* PBXContainerItemProxy */ = {
			isa = PBXContainerItemProxy;
			containerPortal = D6C263142CAA6F8A009A188C /* Project object */;
			proxyType = 1;
			remoteGlobalIDString = D6C2631B2CAA6F8A009A188C;
			remoteInfo = RPS;
		};
		D6C2633D2CAA6F8B009A188C /* PBXContainerItemProxy */ = {
			isa = PBXContainerItemProxy;
			containerPortal = D6C263142CAA6F8A009A188C /* Project object */;
			proxyType = 1;
			remoteGlobalIDString = D6C2631B2CAA6F8A009A188C;
			remoteInfo = RPS;
		};
/* End PBXContainerItemProxy section */

/* Begin PBXFileReference section */
		D6C2631C2CAA6F8A009A188C /* RPS.app */ = {isa = PBXFileReference; explicitFileType = wrapper.application; includeInIndex = 0; path = RPS.app; sourceTree = BUILT_PRODUCTS_DIR; };
		D6C2631F2CAA6F8A009A188C /* AppDelegate.swift */ = {isa = PBXFileReference; lastKnownFileType = sourcecode.swift; path = AppDelegate.swift; sourceTree = "<group>"; };
		D6C263212CAA6F8A009A188C /* SceneDelegate.swift */ = {isa = PBXFileReference; lastKnownFileType = sourcecode.swift; path = SceneDelegate.swift; sourceTree = "<group>"; };
		D6C263232CAA6F8A009A188C /* ViewController.swift */ = {isa = PBXFileReference; lastKnownFileType = sourcecode.swift; path = ViewController.swift; sourceTree = "<group>"; };
		D6C263262CAA6F8A009A188C /* Base */ = {isa = PBXFileReference; lastKnownFileType = file.storyboard; name = Base; path = Base.lproj/Main.storyboard; sourceTree = "<group>"; };
		D6C263282CAA6F8B009A188C /* Assets.xcassets */ = {isa = PBXFileReference; lastKnownFileType = folder.assetcatalog; path = Assets.xcassets; sourceTree = "<group>"; };
		D6C2632B2CAA6F8B009A188C /* Base */ = {isa = PBXFileReference; lastKnownFileType = file.storyboard; name = Base; path = Base.lproj/LaunchScreen.storyboard; sourceTree = "<group>"; };
		D6C2632D2CAA6F8B009A188C /* Info.plist */ = {isa = PBXFileReference; lastKnownFileType = text.plist.xml; path = Info.plist; sourceTree = "<group>"; };
		D6C263322CAA6F8B009A188C /* RPSTests.xctest */ = {isa = PBXFileReference; explicitFileType = wrapper.cfbundle; includeInIndex = 0; path = RPSTests.xctest; sourceTree = BUILT_PRODUCTS_DIR; };
		D6C263362CAA6F8B009A188C /* RPSTests.swift */ = {isa = PBXFileReference; lastKnownFileType = sourcecode.swift; path = RPSTests.swift; sourceTree = "<group>"; };
		D6C2633C2CAA6F8B009A188C /* RPSUITests.xctest */ = {isa = PBXFileReference; explicitFileType = wrapper.cfbundle; includeInIndex = 0; path = RPSUITests.xctest; sourceTree = BUILT_PRODUCTS_DIR; };
		D6C263402CAA6F8B009A188C /* RPSUITests.swift */ = {isa = PBXFileReference; lastKnownFileType = sourcecode.swift; path = RPSUITests.swift; sourceTree = "<group>"; };
		D6C263422CAA6F8B009A188C /* RPSUITestsLaunchTests.swift */ = {isa = PBXFileReference; lastKnownFileType = sourcecode.swift; path = RPSUITestsLaunchTests.swift; sourceTree = "<group>"; };
/* End PBXFileReference section */

/* Begin PBXFrameworksBuildPhase section */
		D6C263192CAA6F8A009A188C /* Frameworks */ = {
			isa = PBXFrameworksBuildPhase;
			buildActionMask = 2147483647;
			files = (
			);
			runOnlyForDeploymentPostprocessing = 0;
		};
		D6C2632F2CAA6F8B009A188C /* Frameworks */ = {
			isa = PBXFrameworksBuildPhase;
			buildActionMask = 2147483647;
			files = (
			);
			runOnlyForDeploymentPostprocessing = 0;
		};
		D6C263392CAA6F8B009A188C /* Frameworks */ = {
			isa = PBXFrameworksBuildPhase;
			buildActionMask = 2147483647;
			files = (
			);
			runOnlyForDeploymentPostprocessing = 0;
		};
/* End PBXFrameworksBuildPhase section */

/* Begin PBXGroup section */
		D6C263132CAA6F8A009A188C = {
			isa = PBXGroup;
			children = (
				D6C2631E2CAA6F8A009A188C /* RPS */,
				D6C263352CAA6F8B009A188C /* RPSTests */,
				D6C2633F2CAA6F8B009A188C /* RPSUITests */,
				D6C2631D2CAA6F8A009A188C /* Products */,
			);
			sourceTree = "<group>";
		};
		D6C2631D2CAA6F8A009A188C /* Products */ = {
			isa = PBXGroup;
			children = (
				D6C2631C2CAA6F8A009A188C /* RPS.app */,
				D6C263322CAA6F8B009A188C /* RPSTests.xctest */,
				D6C2633C2CAA6F8B009A188C /* RPSUITests.xctest */,
			);
			name = Products;
			sourceTree = "<group>";
		};
		D6C2631E2CAA6F8A009A188C /* RPS */ = {
			isa = PBXGroup;
			children = (
				D6C2631F2CAA6F8A009A188C /* AppDelegate.swift */,
				D6C263212CAA6F8A009A188C /* SceneDelegate.swift */,
				D6C263232CAA6F8A009A188C /* ViewController.swift */,
				D6C263252CAA6F8A009A188C /* Main.storyboard */,
				D6C263282CAA6F8B009A188C /* Assets.xcassets */,
				D6C2632A2CAA6F8B009A188C /* LaunchScreen.storyboard */,
				D6C2632D2CAA6F8B009A188C /* Info.plist */,
			);
			path = RPS;
			sourceTree = "<group>";
		};
		D6C263352CAA6F8B009A188C /* RPSTests */ = {
			isa = PBXGroup;
			children = (
				D6C263362CAA6F8B009A188C /* RPSTests.swift */,
			);
			path = RPSTests;
			sourceTree = "<group>";
		};
		D6C2633F2CAA6F8B009A188C /* RPSUITests */ = {
			isa = PBXGroup;
			children = (
				D6C263402CAA6F8B009A188C /* RPSUITests.swift */,
				D6C263422CAA6F8B009A188C /* RPSUITestsLaunchTests.swift */,
			);
			path = RPSUITests;
			sourceTree = "<group>";
		};
/* End PBXGroup section */

/* Begin PBXNativeTarget section */
		D6C2631B2CAA6F8A009A188C /* RPS */ = {
			isa = PBXNativeTarget;
			buildConfigurationList = D6C263462CAA6F8B009A188C /* Build configuration list for PBXNativeTarget "RPS" */;
			buildPhases = (
				D6C263182CAA6F8A009A188C /* Sources */,
				D6C263192CAA6F8A009A188C /* Frameworks */,
				D6C2631A2CAA6F8A009A188C /* Resources */,
			);
			buildRules = (
			);
			dependencies = (
			);
			name = RPS;
			productName = RPS;
			productReference = D6C2631C2CAA6F8A009A188C /* RPS.app */;
			productType = "com.apple.product-type.application";
		};
		D6C263312CAA6F8B009A188C /* RPSTests */ = {
			isa = PBXNativeTarget;
			buildConfigurationList = D6C263492CAA6F8B009A188C /* Build configuration list for PBXNativeTarget "RPSTests" */;
			buildPhases = (
				D6C2632E2CAA6F8B009A188C /* Sources */,
				D6C2632F2CAA6F8B009A188C /* Frameworks */,
				D6C263302CAA6F8B009A188C /* Resources */,
			);
			buildRules = (
			);
			dependencies = (
				D6C263342CAA6F8B009A188C /* PBXTargetDependency */,
			);
			name = RPSTests;
			productName = RPSTests;
			productReference = D6C263322CAA6F8B009A188C /* RPSTests.xctest */;
			productType = "com.apple.product-type.bundle.unit-test";
		};
		D6C2633B2CAA6F8B009A188C /* RPSUITests */ = {
			isa = PBXNativeTarget;
			buildConfigurationList = D6C2634C2CAA6F8B009A188C /* Build configuration list for PBXNativeTarget "RPSUITests" */;
			buildPhases = (
				D6C263382CAA6F8B009A188C /* Sources */,
				D6C263392CAA6F8B009A188C /* Frameworks */,
				D6C2633A2CAA6F8B009A188C /* Resources */,
			);
			buildRules = (
			);
			dependencies = (
				D6C2633E2CAA6F8B009A188C /* PBXTargetDependency */,
			);
			name = RPSUITests;
			productName = RPSUITests;
			productReference = D6C2633C2CAA6F8B009A188C /* RPSUITests.xctest */;
			productType = "com.apple.product-type.bundle.ui-testing";
		};
/* End PBXNativeTarget section */

/* Begin PBXProject section */
		D6C263142CAA6F8A009A188C /* Project object */ = {
			isa = PBXProject;
			attributes = {
				BuildIndependentTargetsInParallel = 1;
				LastSwiftUpdateCheck = 1540;
				LastUpgradeCheck = 1540;
				TargetAttributes = {
					D6C2631B2CAA6F8A009A188C = {
						CreatedOnToolsVersion = 15.4;
					};
					D6C263312CAA6F8B009A188C = {
						CreatedOnToolsVersion = 15.4;
						TestTargetID = D6C2631B2CAA6F8A009A188C;
					};
					D6C2633B2CAA6F8B009A188C = {
						CreatedOnToolsVersion = 15.4;
						TestTargetID = D6C2631B2CAA6F8A009A188C;
					};
				};
			};
			buildConfigurationList = D6C263172CAA6F8A009A188C /* Build configuration list for PBXProject "RPS" */;
			compatibilityVersion = "Xcode 14.0";
			developmentRegion = en;
			hasScannedForEncodings = 0;
			knownRegions = (
				en,
				Base,
			);
			mainGroup = D6C263132CAA6F8A009A188C;
			productRefGroup = D6C2631D2CAA6F8A009A188C /* Products */;
			projectDirPath = "";
			projectRoot = "";
			targets = (
				D6C2631B2CAA6F8A009A188C /* RPS */,
				D6C263312CAA6F8B009A188C /* RPSTests */,
				D6C2633B2CAA6F8B009A188C /* RPSUITests */,
			);
		};
/* End PBXProject section */

/* Begin PBXResourcesBuildPhase section */
		D6C2631A2CAA6F8A009A188C /* Resources */ = {
			isa = PBXResourcesBuildPhase;
			buildActionMask = 2147483647;
			files = (
				D6C263292CAA6F8B009A188C /* Assets.xcassets in Resources */,
				D6C2632C2CAA6F8B009A188C /* Base in Resources */,
				D6C263272CAA6F8A009A188C /* Base in Resources */,
			);
			runOnlyForDeploymentPostprocessing = 0;
		};
		D6C263302CAA6F8B009A188C /* Resources */ = {
			isa = PBXResourcesBuildPhase;
			buildActionMask = 2147483647;
			files = (
			);
			runOnlyForDeploymentPostprocessing = 0;
		};
		D6C2633A2CAA6F8B009A188C /* Resources */ = {
			isa = PBXResourcesBuildPhase;
			buildActionMask = 2147483647;
			files = (
			);
			runOnlyForDeploymentPostprocessing = 0;
		};
/* End PBXResourcesBuildPhase section */

/* Begin PBXSourcesBuildPhase section */
		D6C263182CAA6F8A009A188C /* Sources */ = {
			isa = PBXSourcesBuildPhase;
			buildActionMask = 2147483647;
			files = (
				D6C263242CAA6F8A009A188C /* ViewController.swift in Sources */,
				D6C263202CAA6F8A009A188C /* AppDelegate.swift in Sources */,
				D6C263222CAA6F8A009A188C /* SceneDelegate.swift in Sources */,
			);
			runOnlyForDeploymentPostprocessing = 0;
		};
		D6C2632E2CAA6F8B009A188C /* Sources */ = {
			isa = PBXSourcesBuildPhase;
			buildActionMask = 2147483647;
			files = (
				D6C263372CAA6F8B009A188C /* RPSTests.swift in Sources */,
			);
			runOnlyForDeploymentPostprocessing = 0;
		};
		D6C263382CAA6F8B009A188C /* Sources */ = {
			isa = PBXSourcesBuildPhase;
			buildActionMask = 2147483647;
			files = (
				D6C263432CAA6F8B009A188C /* RPSUITestsLaunchTests.swift in Sources */,
				D6C263412CAA6F8B009A188C /* RPSUITests.swift in Sources */,
			);
			runOnlyForDeploymentPostprocessing = 0;
		};
/* End PBXSourcesBuildPhase section */

/* Begin PBXTargetDependency section */
		D6C263342CAA6F8B009A188C /* PBXTargetDependency */ = {
			isa = PBXTargetDependency;
			target = D6C2631B2CAA6F8A009A188C /* RPS */;
			targetProxy = D6C263332CAA6F8B009A188C /* PBXContainerItemProxy */;
		};
		D6C2633E2CAA6F8B009A188C /* PBXTargetDependency */ = {
			isa = PBXTargetDependency;
			target = D6C2631B2CAA6F8A009A188C /* RPS */;
			targetProxy = D6C2633D2CAA6F8B009A188C /* PBXContainerItemProxy */;
		};
/* End PBXTargetDependency section */

/* Begin PBXVariantGroup section */
		D6C263252CAA6F8A009A188C /* Main.storyboard */ = {
			isa = PBXVariantGroup;
			children = (
				D6C263262CAA6F8A009A188C /* Base */,
			);
			name = Main.storyboard;
			sourceTree = "<group>";
		};
		D6C2632A2CAA6F8B009A188C /* LaunchScreen.storyboard */ = {
			isa = PBXVariantGroup;
			children = (
				D6C2632B2CAA6F8B009A188C /* Base */,
			);
			name = LaunchScreen.storyboard;
			sourceTree = "<group>";
		};
/* End PBXVariantGroup section */

/* Begin XCBuildConfiguration section */
		D6C263442CAA6F8B009A188C /* Debug */ = {
			isa = XCBuildConfiguration;
			buildSettings = {
				ALWAYS_SEARCH_USER_PATHS = NO;
				ASSETCATALOG_COMPILER_GENERATE_SWIFT_ASSET_SYMBOL_EXTENSIONS = YES;
				CLANG_ANALYZER_NONNULL = YES;
				CLANG_ANALYZER_NUMBER_OBJECT_CONVERSION = YES_AGGRESSIVE;
				CLANG_CXX_LANGUAGE_STANDARD = "gnu++20";
				CLANG_ENABLE_MODULES = YES;
				CLANG_ENABLE_OBJC_ARC = YES;
				CLANG_ENABLE_OBJC_WEAK = YES;
				CLANG_WARN_BLOCK_CAPTURE_AUTORELEASING = YES;
				CLANG_WARN_BOOL_CONVERSION = YES;
				CLANG_WARN_COMMA = YES;
				CLANG_WARN_CONSTANT_CONVERSION = YES;
				CLANG_WARN_DEPRECATED_OBJC_IMPLEMENTATIONS = YES;
				CLANG_WARN_DIRECT_OBJC_ISA_USAGE = YES_ERROR;
				CLANG_WARN_DOCUMENTATION_COMMENTS = YES;
				CLANG_WARN_EMPTY_BODY = YES;
				CLANG_WARN_ENUM_CONVERSION = YES;
				CLANG_WARN_INFINITE_RECURSION = YES;
				CLANG_WARN_INT_CONVERSION = YES;
				CLANG_WARN_NON_LITERAL_NULL_CONVERSION = YES;
				CLANG_WARN_OBJC_IMPLICIT_RETAIN_SELF = YES;
				CLANG_WARN_OBJC_LITERAL_CONVERSION = YES;
				CLANG_WARN_OBJC_ROOT_CLASS = YES_ERROR;
				CLANG_WARN_QUOTED_INCLUDE_IN_FRAMEWORK_HEADER = YES;
				CLANG_WARN_RANGE_LOOP_ANALYSIS = YES;
				CLANG_WARN_STRICT_PROTOTYPES = YES;
				CLANG_WARN_SUSPICIOUS_MOVE = YES;
				CLANG_WARN_UNGUARDED_AVAILABILITY = YES_AGGRESSIVE;
				CLANG_WARN_UNREACHABLE_CODE = YES;
				CLANG_WARN__DUPLICATE_METHOD_MATCH = YES;
				COPY_PHASE_STRIP = NO;
				DEBUG_INFORMATION_FORMAT = dwarf;
				ENABLE_STRICT_OBJC_MSGSEND = YES;
				ENABLE_TESTABILITY = YES;
				ENABLE_USER_SCRIPT_SANDBOXING = YES;
				GCC_C_LANGUAGE_STANDARD = gnu17;
				GCC_DYNAMIC_NO_PIC = NO;
				GCC_NO_COMMON_BLOCKS = YES;
				GCC_OPTIMIZATION_LEVEL = 0;
				GCC_PREPROCESSOR_DEFINITIONS = (
					"DEBUG=1",
					"$(inherited)",
				);
				GCC_WARN_64_TO_32_BIT_CONVERSION = YES;
				GCC_WARN_ABOUT_RETURN_TYPE = YES_ERROR;
				GCC_WARN_UNDECLARED_SELECTOR = YES;
				GCC_WARN_UNINITIALIZED_AUTOS = YES_AGGRESSIVE;
				GCC_WARN_UNUSED_FUNCTION = YES;
				GCC_WARN_UNUSED_VARIABLE = YES;
				IPHONEOS_DEPLOYMENT_TARGET = 17.5;
				LOCALIZATION_PREFERS_STRING_CATALOGS = YES;
				MTL_ENABLE_DEBUG_INFO = INCLUDE_SOURCE;
				MTL_FAST_MATH = YES;
				ONLY_ACTIVE_ARCH = YES;
				SDKROOT = iphoneos;
				SWIFT_ACTIVE_COMPILATION_CONDITIONS = "DEBUG $(inherited)";
				SWIFT_OPTIMIZATION_LEVEL = "-Onone";
			};
			name = Debug;
		};
		D6C263452CAA6F8B009A188C /* Release */ = {
			isa = XCBuildConfiguration;
			buildSettings = {
				ALWAYS_SEARCH_USER_PATHS = NO;
				ASSETCATALOG_COMPILER_GENERATE_SWIFT_ASSET_SYMBOL_EXTENSIONS = YES;
				CLANG_ANALYZER_NONNULL = YES;
				CLANG_ANALYZER_NUMBER_OBJECT_CONVERSION = YES_AGGRESSIVE;
				CLANG_CXX_LANGUAGE_STANDARD = "gnu++20";
				CLANG_ENABLE_MODULES = YES;
				CLANG_ENABLE_OBJC_ARC = YES;
				CLANG_ENABLE_OBJC_WEAK = YES;
				CLANG_WARN_BLOCK_CAPTURE_AUTORELEASING = YES;
				CLANG_WARN_BOOL_CONVERSION = YES;
				CLANG_WARN_COMMA = YES;
				CLANG_WARN_CONSTANT_CONVERSION = YES;
				CLANG_WARN_DEPRECATED_OBJC_IMPLEMENTATIONS = YES;
				CLANG_WARN_DIRECT_OBJC_ISA_USAGE = YES_ERROR;
				CLANG_WARN_DOCUMENTATION_COMMENTS = YES;
				CLANG_WARN_EMPTY_BODY = YES;
				CLANG_WARN_ENUM_CONVERSION = YES;
				CLANG_WARN_INFINITE_RECURSION = YES;
				CLANG_WARN_INT_CONVERSION = YES;
				CLANG_WARN_NON_LITERAL_NULL_CONVERSION = YES;
				CLANG_WARN_OBJC_IMPLICIT_RETAIN_SELF = YES;
				CLANG_WARN_OBJC_LITERAL_CONVERSION = YES;
				CLANG_WARN_OBJC_ROOT_CLASS = YES_ERROR;
				CLANG_WARN_QUOTED_INCLUDE_IN_FRAMEWORK_HEADER = YES;
				CLANG_WARN_RANGE_LOOP_ANALYSIS = YES;
				CLANG_WARN_STRICT_PROTOTYPES = YES;
				CLANG_WARN_SUSPICIOUS_MOVE = YES;
				CLANG_WARN_UNGUARDED_AVAILABILITY = YES_AGGRESSIVE;
				CLANG_WARN_UNREACHABLE_CODE = YES;
				CLANG_WARN__DUPLICATE_METHOD_MATCH = YES;
				COPY_PHASE_STRIP = NO;
				DEBUG_INFORMATION_FORMAT = "dwarf-with-dsym";
				ENABLE_NS_ASSERTIONS = NO;
				ENABLE_STRICT_OBJC_MSGSEND = YES;
				ENABLE_USER_SCRIPT_SANDBOXING = YES;
				GCC_C_LANGUAGE_STANDARD = gnu17;
				GCC_NO_COMMON_BLOCKS = YES;
				GCC_WARN_64_TO_32_BIT_CONVERSION = YES;
				GCC_WARN_ABOUT_RETURN_TYPE = YES_ERROR;
				GCC_WARN_UNDECLARED_SELECTOR = YES;
				GCC_WARN_UNINITIALIZED_AUTOS = YES_AGGRESSIVE;
				GCC_WARN_UNUSED_FUNCTION = YES;
				GCC_WARN_UNUSED_VARIABLE = YES;
				IPHONEOS_DEPLOYMENT_TARGET = 17.5;
				LOCALIZATION_PREFERS_STRING_CATALOGS = YES;
				MTL_ENABLE_DEBUG_INFO = NO;
				MTL_FAST_MATH = YES;
				SDKROOT = iphoneos;
				SWIFT_COMPILATION_MODE = wholemodule;
				VALIDATE_PRODUCT = YES;
			};
			name = Release;
		};
		D6C263472CAA6F8B009A188C /* Debug */ = {
			isa = XCBuildConfiguration;
			buildSettings = {
				ASSETCATALOG_COMPILER_APPICON_NAME = AppIcon;
				ASSETCATALOG_COMPILER_GLOBAL_ACCENT_COLOR_NAME = AccentColor;
				CODE_SIGN_STYLE = Automatic;
				CURRENT_PROJECT_VERSION = 1;
				GENERATE_INFOPLIST_FILE = YES;
				INFOPLIST_FILE = RPS/Info.plist;
				INFOPLIST_KEY_UIApplicationSupportsIndirectInputEvents = YES;
				INFOPLIST_KEY_UILaunchStoryboardName = LaunchScreen;
				INFOPLIST_KEY_UIMainStoryboardFile = Main;
				INFOPLIST_KEY_UISupportedInterfaceOrientations_iPad = "UIInterfaceOrientationPortrait UIInterfaceOrientationPortraitUpsideDown UIInterfaceOrientationLandscapeLeft UIInterfaceOrientationLandscapeRight";
				INFOPLIST_KEY_UISupportedInterfaceOrientations_iPhone = "UIInterfaceOrientationPortrait UIInterfaceOrientationLandscapeLeft UIInterfaceOrientationLandscapeRight";
				LD_RUNPATH_SEARCH_PATHS = (
					"$(inherited)",
					"@executable_path/Frameworks",
				);
				MARKETING_VERSION = 1.0;
				PRODUCT_BUNDLE_IDENTIFIER = "I-brahim-RPS.RPS";
				PRODUCT_NAME = "$(TARGET_NAME)";
				SWIFT_EMIT_LOC_STRINGS = YES;
				SWIFT_VERSION = 5.0;
				TARGETED_DEVICE_FAMILY = "1,2";
			};
			name = Debug;
		};
		D6C263482CAA6F8B009A188C /* Release */ = {
			isa = XCBuildConfiguration;
			buildSettings = {
				ASSETCATALOG_COMPILER_APPICON_NAME = AppIcon;
				ASSETCATALOG_COMPILER_GLOBAL_ACCENT_COLOR_NAME = AccentColor;
				CODE_SIGN_STYLE = Automatic;
				CURRENT_PROJECT_VERSION = 1;
				GENERATE_INFOPLIST_FILE = YES;
				INFOPLIST_FILE = RPS/Info.plist;
				INFOPLIST_KEY_UIApplicationSupportsIndirectInputEvents = YES;
				INFOPLIST_KEY_UILaunchStoryboardName = LaunchScreen;
				INFOPLIST_KEY_UIMainStoryboardFile = Main;
				INFOPLIST_KEY_UISupportedInterfaceOrientations_iPad = "UIInterfaceOrientationPortrait UIInterfaceOrientationPortraitUpsideDown UIInterfaceOrientationLandscapeLeft UIInterfaceOrientationLandscapeRight";
				INFOPLIST_KEY_UISupportedInterfaceOrientations_iPhone = "UIInterfaceOrientationPortrait UIInterfaceOrientationLandscapeLeft UIInterfaceOrientationLandscapeRight";
				LD_RUNPATH_SEARCH_PATHS = (
					"$(inherited)",
					"@executable_path/Frameworks",
				);
				MARKETING_VERSION = 1.0;
				PRODUCT_BUNDLE_IDENTIFIER = "I-brahim-RPS.RPS";
				PRODUCT_NAME = "$(TARGET_NAME)";
				SWIFT_EMIT_LOC_STRINGS = YES;
				SWIFT_VERSION = 5.0;
				TARGETED_DEVICE_FAMILY = "1,2";
			};
			name = Release;
		};
		D6C2634A2CAA6F8B009A188C /* Debug */ = {
			isa = XCBuildConfiguration;
			buildSettings = {
				ALWAYS_EMBED_SWIFT_STANDARD_LIBRARIES = YES;
				BUNDLE_LOADER = "$(TEST_HOST)";
				CODE_SIGN_STYLE = Automatic;
				CURRENT_PROJECT_VERSION = 1;
				GENERATE_INFOPLIST_FILE = YES;
				IPHONEOS_DEPLOYMENT_TARGET = 17.5;
				MARKETING_VERSION = 1.0;
				PRODUCT_BUNDLE_IDENTIFIER = "I-brahim-RPS.RPSTests";
				PRODUCT_NAME = "$(TARGET_NAME)";
				SWIFT_EMIT_LOC_STRINGS = NO;
				SWIFT_VERSION = 5.0;
				TARGETED_DEVICE_FAMILY = "1,2";
				TEST_HOST = "$(BUILT_PRODUCTS_DIR)/RPS.app/$(BUNDLE_EXECUTABLE_FOLDER_PATH)/RPS";
			};
			name = Debug;
		};
		D6C2634B2CAA6F8B009A188C /* Release */ = {
			isa = XCBuildConfiguration;
			buildSettings = {
				ALWAYS_EMBED_SWIFT_STANDARD_LIBRARIES = YES;
				BUNDLE_LOADER = "$(TEST_HOST)";
				CODE_SIGN_STYLE = Automatic;
				CURRENT_PROJECT_VERSION = 1;
				GENERATE_INFOPLIST_FILE = YES;
				IPHONEOS_DEPLOYMENT_TARGET = 17.5;
				MARKETING_VERSION = 1.0;
				PRODUCT_BUNDLE_IDENTIFIER = "I-brahim-RPS.RPSTests";
				PRODUCT_NAME = "$(TARGET_NAME)";
				SWIFT_EMIT_LOC_STRINGS = NO;
				SWIFT_VERSION = 5.0;
				TARGETED_DEVICE_FAMILY = "1,2";
				TEST_HOST = "$(BUILT_PRODUCTS_DIR)/RPS.app/$(BUNDLE_EXECUTABLE_FOLDER_PATH)/RPS";
			};
			name = Release;
		};
		D6C2634D2CAA6F8B009A188C /* Debug */ = {
			isa = XCBuildConfiguration;
			buildSettings = {
				ALWAYS_EMBED_SWIFT_STANDARD_LIBRARIES = YES;
				CODE_SIGN_STYLE = Automatic;
				CURRENT_PROJECT_VERSION = 1;
				GENERATE_INFOPLIST_FILE = YES;
				MARKETING_VERSION = 1.0;
				PRODUCT_BUNDLE_IDENTIFIER = "I-brahim-RPS.RPSUITests";
				PRODUCT_NAME = "$(TARGET_NAME)";
				SWIFT_EMIT_LOC_STRINGS = NO;
				SWIFT_VERSION = 5.0;
				TARGETED_DEVICE_FAMILY = "1,2";
				TEST_TARGET_NAME = RPS;
			};
			name = Debug;
		};
		D6C2634E2CAA6F8B009A188C /* Release */ = {
			isa = XCBuildConfiguration;
			buildSettings = {
				ALWAYS_EMBED_SWIFT_STANDARD_LIBRARIES = YES;
				CODE_SIGN_STYLE = Automatic;
				CURRENT_PROJECT_VERSION = 1;
				GENERATE_INFOPLIST_FILE = YES;
				MARKETING_VERSION = 1.0;
				PRODUCT_BUNDLE_IDENTIFIER = "I-brahim-RPS.RPSUITests";
				PRODUCT_NAME = "$(TARGET_NAME)";
				SWIFT_EMIT_LOC_STRINGS = NO;
				SWIFT_VERSION = 5.0;
				TARGETED_DEVICE_FAMILY = "1,2";
				TEST_TARGET_NAME = RPS;
			};
			name = Release;
		};
/* End XCBuildConfiguration section */

/* Begin XCConfigurationList section */
		D6C263172CAA6F8A009A188C /* Build configuration list for PBXProject "RPS" */ = {
			isa = XCConfigurationList;
			buildConfigurations = (
				D6C263442CAA6F8B009A188C /* Debug */,
				D6C263452CAA6F8B009A188C /* Release */,
			);
			defaultConfigurationIsVisible = 0;
			defaultConfigurationName = Release;
		};
		D6C263462CAA6F8B009A188C /* Build configuration list for PBXNativeTarget "RPS" */ = {
			isa = XCConfigurationList;
			buildConfigurations = (
				D6C263472CAA6F8B009A188C /* Debug */,
				D6C263482CAA6F8B009A188C /* Release */,
			);
			defaultConfigurationIsVisible = 0;
			defaultConfigurationName = Release;
		};
		D6C263492CAA6F8B009A188C /* Build configuration list for PBXNativeTarget "RPSTests" */ = {
			isa = XCConfigurationList;
			buildConfigurations = (
				D6C2634A2CAA6F8B009A188C /* Debug */,
				D6C2634B2CAA6F8B009A188C /* Release */,
			);
			defaultConfigurationIsVisible = 0;
			defaultConfigurationName = Release;
		};
		D6C2634C2CAA6F8B009A188C /* Build configuration list for PBXNativeTarget "RPSUITests" */ = {
			isa = XCConfigurationList;
			buildConfigurations = (
				D6C2634D2CAA6F8B009A188C /* Debug */,
				D6C2634E2CAA6F8B009A188C /* Release */,
			);
			defaultConfigurationIsVisible = 0;
			defaultConfigurationName = Release;
		};
/* End XCConfigurationList section */
	};
	rootObject = D6C263142CAA6F8A009A188C /* Project object */;
}
